version = 1
revision = 3
requires-python = ">=3.13"

[[package]]
name = "greenlet"
version = "3.3.1"
source = { registry = "https://pypi.org/simple" }
sdist = { url = "https://files.pythonhosted.org/packages/8a/99/1cd3411c56a410994669062bd73dd58270c00cc074cac15f385a1fd91f8a/greenlet-3.3.1.tar.gz", hash = "sha256:41848f3230b58c08bb43dee542e74a2a2e34d3c59dc3076cec9151aeeedcae98", size = 184690, upload-time = "2026-01-23T15:31:02.076Z" }
wheels = [
    { url = "https://files.pythonhosted.org/packages/ec/ab/d26750f2b7242c2b90ea2ad71de70cfcd73a948a49513188a0fc0d6fc15a/greenlet-3.3.1-cp313-cp313-macosx_11_0_universal2.whl", hash = "sha256:7ab327905cabb0622adca5971e488064e35115430cec2c35a50fd36e72a315b3", size = 275205, upload-time = "2026-01-23T15:30:24.556Z" },
    { url = "https://files.pythonhosted.org/packages/10/d3/be7d19e8fad7c5a78eeefb2d896a08cd4643e1e90c605c4be3b46264998f/greenlet-3.3.1-cp313-cp313-manylinux_2_24_aarch64.manylinux_2_28_aarch64.whl", hash = "sha256:65be2f026ca6a176f88fb935ee23c18333ccea97048076aef4db1ef5bc0713ac", size = 599284, upload-time = "2026-01-23T16:00:58.584Z" },
    { url = "https://files.pythonhosted.org/packages/ae/21/fe703aaa056fdb0f17e5afd4b5c80195bbdab701208918938bd15b00d39b/greenlet-3.3.1-cp313-cp313-manylinux_2_24_ppc64le.manylinux_2_28_ppc64le.whl", hash = "sha256:7a3ae05b3d225b4155bda56b072ceb09d05e974bc74be6c3fc15463cf69f33fd", size = 610274, upload-time = "2026-01-23T16:05:29.312Z" },
    { url = "https://files.pythonhosted.org/packages/06/00/95df0b6a935103c0452dad2203f5be8377e551b8466a29650c4c5a5af6cc/greenlet-3.3.1-cp313-cp313-manylinux_2_24_s390x.manylinux_2_28_s390x.whl", hash = "sha256:12184c61e5d64268a160226fb4818af4df02cfead8379d7f8b99a56c3a54ff3e", size = 624375, upload-time = "2026-01-23T16:15:55.915Z" },
    { url = "https://files.pythonhosted.org/packages/cb/86/5c6ab23bb3c28c21ed6bebad006515cfe08b04613eb105ca0041fecca852/greenlet-3.3.1-cp313-cp313-manylinux_2_24_x86_64.manylinux_2_28_x86_64.whl", hash = "sha256:6423481193bbbe871313de5fd06a082f2649e7ce6e08015d2a76c1e9186ca5b3", size = 612904, upload-time = "2026-01-23T15:32:52.317Z" },
    { url = "https://files.pythonhosted.org/packages/c2/f3/7949994264e22639e40718c2daf6f6df5169bf48fb038c008a489ec53a50/greenlet-3.3.1-cp313-cp313-musllinux_1_2_aarch64.whl", hash = "sha256:33a956fe78bbbda82bfc95e128d61129b32d66bcf0a20a1f0c08aa4839ffa951", size = 1567316, upload-time = "2026-01-23T16:04:23.316Z" },
    { url = "https://files.pythonhosted.org/packages/8d/6e/d73c94d13b6465e9f7cd6231c68abde838bb22408596c05d9059830b7872/greenlet-3.3.1-cp313-cp313-musllinux_1_2_x86_64.whl", hash = "sha256:4b065d3284be43728dd280f6f9a13990b56470b81be20375a207cdc814a983f2", size = 1636549, upload-time = "2026-01-23T15:33:48.643Z" },
    { url = "https://files.pythonhosted.org/packages/5e/b3/c9c23a6478b3bcc91f979ce4ca50879e4d0b2bd7b9a53d8ecded719b92e2/greenlet-3.3.1-cp313-cp313-win_amd64.whl", hash = "sha256:27289986f4e5b0edec7b5a91063c109f0276abb09a7e9bdab08437525977c946", size = 227042, upload-time = "2026-01-23T15:33:58.216Z" },
    { url = "https://files.pythonhosted.org/packages/90/e7/824beda656097edee36ab15809fd063447b200cc03a7f6a24c34d520bc88/greenlet-3.3.1-cp313-cp313-win_arm64.whl", hash = "sha256:2f080e028001c5273e0b42690eaf359aeef9cb1389da0f171ea51a5dc3c7608d", size = 226294, upload-time = "2026-01-23T15:30:52.73Z" },
    { url = "https://files.pythonhosted.org/packages/ae/fb/011c7c717213182caf78084a9bea51c8590b0afda98001f69d9f853a495b/greenlet-3.3.1-cp314-cp314-macosx_11_0_universal2.whl", hash = "sha256:bd59acd8529b372775cd0fcbc5f420ae20681c5b045ce25bd453ed8455ab99b5", size = 275737, upload-time = "2026-01-23T15:32:16.889Z" },
    { url = "https://files.pythonhosted.org/packages/41/2e/a3a417d620363fdbb08a48b1dd582956a46a61bf8fd27ee8164f9dfe87c2/greenlet-3.3.1-cp314-cp314-manylinux_2_24_aarch64.manylinux_2_28_aarch64.whl", hash = "sha256:b31c05dd84ef6871dd47120386aed35323c944d86c3d91a17c4b8d23df62f15b", size = 646422, upload-time = "2026-01-23T16:01:00.354Z" },
    { url = "https://files.pythonhosted.org/packages/b4/09/c6c4a0db47defafd2d6bab8ddfe47ad19963b4e30f5bed84d75328059f8c/greenlet-3.3.1-cp314-cp314-manylinux_2_24_ppc64le.manylinux_2_28_ppc64le.whl", hash = "sha256:02925a0bfffc41e542c70aa14c7eda3593e4d7e274bfcccca1827e6c0875902e", size = 658219, upload-time = "2026-01-23T16:05:30.956Z" },
    { url = "https://files.pythonhosted.org/packages/e2/89/b95f2ddcc5f3c2bc09c8ee8d77be312df7f9e7175703ab780f2014a0e781/greenlet-3.3.1-cp314-cp314-manylinux_2_24_s390x.manylinux_2_28_s390x.whl", hash = "sha256:3e0f3878ca3a3ff63ab4ea478585942b53df66ddde327b59ecb191b19dbbd62d", size = 671455, upload-time = "2026-01-23T16:15:57.232Z" },
    { url = "https://files.pythonhosted.org/packages/80/38/9d42d60dffb04b45f03dbab9430898352dba277758640751dc5cc316c521/greenlet-3.3.1-cp314-cp314-manylinux_2_24_x86_64.manylinux_2_28_x86_64.whl", hash = "sha256:34a729e2e4e4ffe9ae2408d5ecaf12f944853f40ad724929b7585bca808a9d6f", size = 660237, upload-time = "2026-01-23T15:32:53.967Z" },
    { url = "https://files.pythonhosted.org/packages/96/61/373c30b7197f9e756e4c81ae90a8d55dc3598c17673f91f4d31c3c689c3f/greenlet-3.3.1-cp314-cp314-musllinux_1_2_aarch64.whl", hash = "sha256:aec9ab04e82918e623415947921dea15851b152b822661cce3f8e4393c3df683", size = 1615261, upload-time = "2026-01-23T16:04:25.066Z" },
    { url = "https://files.pythonhosted.org/packages/fd/d3/ca534310343f5945316f9451e953dcd89b36fe7a19de652a1dc5a0eeef3f/greenlet-3.3.1-cp314-cp314-musllinux_1_2_x86_64.whl", hash = "sha256:71c767cf281a80d02b6c1bdc41c9468e1f5a494fb11bc8688c360524e273d7b1", size = 1683719, upload-time = "2026-01-23T15:33:50.61Z" },
    { url = "https://files.pythonhosted.org/packages/52/cb/c21a3fd5d2c9c8b622e7bede6d6d00e00551a5ee474ea6d831b5f567a8b4/greenlet-3.3.1-cp314-cp314-win_amd64.whl", hash = "sha256:96aff77af063b607f2489473484e39a0bbae730f2ea90c9e5606c9b73c44174a", size = 228125, upload-time = "2026-01-23T15:32:45.265Z" },
    { url = "https://files.pythonhosted.org/packages/6a/8e/8a2db6d11491837af1de64b8aff23707c6e85241be13c60ed399a72e2ef8/greenlet-3.3.1-cp314-cp314-win_arm64.whl", hash = "sha256:b066e8b50e28b503f604fa538adc764a638b38cf8e81e025011d26e8a627fa79", size = 227519, upload-time = "2026-01-23T15:31:47.284Z" },
    { url = "https://files.pythonhosted.org/packages/28/24/cbbec49bacdcc9ec652a81d3efef7b59f326697e7edf6ed775a5e08e54c2/greenlet-3.3.1-cp314-cp314t-macosx_11_0_universal2.whl", hash = "sha256:3e63252943c921b90abb035ebe9de832c436401d9c45f262d80e2d06cc659242", size = 282706, upload-time = "2026-01-23T15:33:05.525Z" },
    { url = "https://files.pythonhosted.org/packages/86/2e/4f2b9323c144c4fe8842a4e0d92121465485c3c2c5b9e9b30a52e80f523f/greenlet-3.3.1-cp314-cp314t-manylinux_2_24_aarch64.manylinux_2_28_aarch64.whl", hash = "sha256:76e39058e68eb125de10c92524573924e827927df5d3891fbc97bd55764a8774", size = 651209, upload-time = "2026-01-23T16:01:01.517Z" },
    { url = "https://files.pythonhosted.org/packages/d9/87/50ca60e515f5bb55a2fbc5f0c9b5b156de7d2fc51a0a69abc9d23914a237/greenlet-3.3.1-cp314-cp314t-manylinux_2_24_ppc64le.manylinux_2_28_ppc64le.whl", hash = "sha256:c9f9d5e7a9310b7a2f416dd13d2e3fd8b42d803968ea580b7c0f322ccb389b97", size = 654300, upload-time = "2026-01-23T16:05:32.199Z" },
    { url = "https://files.pythonhosted.org/packages/7c/25/c51a63f3f463171e09cb586eb64db0861eb06667ab01a7968371a24c4f3b/greenlet-3.3.1-cp314-cp314t-manylinux_2_24_s390x.manylinux_2_28_s390x.whl", hash = "sha256:4b9721549a95db96689458a1e0ae32412ca18776ed004463df3a9299c1b257ab", size = 662574, upload-time = "2026-01-23T16:15:58.364Z" },
    { url = "https://files.pythonhosted.org/packages/1d/94/74310866dfa2b73dd08659a3d18762f83985ad3281901ba0ee9a815194fb/greenlet-3.3.1-cp314-cp314t-manylinux_2_24_x86_64.manylinux_2_28_x86_64.whl", hash = "sha256:92497c78adf3ac703b57f1e3813c2d874f27f71a178f9ea5887855da413cd6d2", size = 653842, upload-time = "2026-01-23T15:32:55.671Z" },
    { url = "https://files.pythonhosted.org/packages/97/43/8bf0ffa3d498eeee4c58c212a3905dd6146c01c8dc0b0a046481ca29b18c/greenlet-3.3.1-cp314-cp314t-musllinux_1_2_aarch64.whl", hash = "sha256:ed6b402bc74d6557a705e197d47f9063733091ed6357b3de33619d8a8d93ac53", size = 1614917, upload-time = "2026-01-23T16:04:26.276Z" },
    { url = "https://files.pythonhosted.org/packages/89/90/a3be7a5f378fc6e84abe4dcfb2ba32b07786861172e502388b4c90000d1b/greenlet-3.3.1-cp314-cp314t-musllinux_1_2_x86_64.whl", hash = "sha256:59913f1e5ada20fde795ba906916aea25d442abcc0593fba7e26c92b7ad76249", size = 1676092, upload-time = "2026-01-23T15:33:52.176Z" },
    { url = "https://files.pythonhosted.org/packages/e1/2b/98c7f93e6db9977aaee07eb1e51ca63bd5f779b900d362791d3252e60558/greenlet-3.3.1-cp314-cp314t-win_amd64.whl", hash = "sha256:301860987846c24cb8964bdec0e31a96ad4a2a801b41b4ef40963c1b44f33451", size = 233181, upload-time = "2026-01-23T15:33:00.29Z" },
]

[[package]]
name = "msnews-github-io"
version = "0.1.0"
source = { virtual = "." }
dependencies = [
    { name = "playwright" },
]

[package.metadata]
requires-dist = [{ name = "playwright", specifier = ">=1.58.0" }]

[[package]]
name = "playwright"
version = "1.58.0"
source = { registry = "https://pypi.org/simple" }
dependencies = [
    { name = "greenlet" },
    { name = "pyee" },
]
wheels = [
    { url = "https://files.pythonhosted.org/packages/f8/c9/9c6061d5703267f1baae6a4647bfd1862e386fbfdb97d889f6f6ae9e3f64/playwright-1.58.0-py3-none-macosx_10_13_x86_64.whl", hash = "sha256:96e3204aac292ee639edbfdef6298b4be2ea0a55a16b7068df91adac077cc606", size = 42251098, upload-time = "2026-01-30T15:09:24.028Z" },
    { url = "https://files.pythonhosted.org/packages/e0/40/59d34a756e02f8c670f0fee987d46f7ee53d05447d43cd114ca015cb168c/playwright-1.58.0-py3-none-macosx_11_0_arm64.whl", hash = "sha256:70c763694739d28df71ed578b9c8202bb83e8fe8fb9268c04dd13afe36301f71", size = 41039625, upload-time = "2026-01-30T15:09:27.558Z" },
    { url = "https://files.pythonhosted.org/packages/e1/ee/3ce6209c9c74a650aac9028c621f357a34ea5cd4d950700f8e2c4b7fe2c4/playwright-1.58.0-py3-none-macosx_11_0_universal2.whl", hash = "sha256:185e0132578733d02802dfddfbbc35f42be23a45ff49ccae5081f25952238117", size = 42251098, upload-time = "2026-01-30T15:09:30.461Z" },
    { url = "https://files.pythonhosted.org/packages/f1/af/009958cbf23fac551a940d34e3206e6c7eed2b8c940d0c3afd1feb0b0589/playwright-1.58.0-py3-none-manylinux1_x86_64.whl", hash = "sha256:c95568ba1eda83812598c1dc9be60b4406dffd60b149bc1536180ad108723d6b", size = 46235268, upload-time = "2026-01-30T15:09:33.787Z" },
    { url = "https://files.pythonhosted.org/packages/d9/a6/0e66ad04b6d3440dae73efb39540c5685c5fc95b17c8b29340b62abbd952/playwright-1.58.0-py3-none-manylinux_2_17_aarch64.manylinux2014_aarch64.whl", hash = "sha256:8f9999948f1ab541d98812de25e3a8c410776aa516d948807140aff797b4bffa", size = 45964214, upload-time = "2026-01-30T15:09:36.751Z" },
    { url = "https://files.pythonhosted.org/packages/0e/4b/236e60ab9f6d62ed0fd32150d61f1f494cefbf02304c0061e78ed80c1c32/playwright-1.58.0-py3-none-win32.whl", hash = "sha256:1e03be090e75a0fabbdaeab65ce17c308c425d879fa48bb1d7986f96bfad0b99", size = 36815998, upload-time = "2026-01-30T15:09:39.627Z" },
    { url = "https://files.pythonhosted.org/packages/41/f8/5ec599c5e59d2f2f336a05b4f318e733077cd5044f24adb6f86900c3e6a7/playwright-1.58.0-py3-none-win_amd64.whl", hash = "sha256:a2bf639d0ce33b3ba38de777e08697b0d8f3dc07ab6802e4ac53fb65e3907af8", size = 36816005, upload-time = "2026-01-30T15:09:42.449Z" },
    { url = "https://files.pythonhosted.org/packages/c8/c4/cc0229fea55c87d6c9c67fe44a21e2cd28d1d558a5478ed4d617e9fb0c93/playwright-1.58.0-py3-none-win_arm64.whl", hash = "sha256:32ffe5c303901a13a0ecab91d1c3f74baf73b84f4bedbb6b935f5bc11cc98e1b", size = 33085919, upload-time = "2026-01-30T15:09:45.71Z" },
]

[[package]]
name = "pyee"
version = "13.0.0"
source = { registry = "https://pypi.org/simple" }
dependencies = [
    { name = "typing-extensions" },
]
sdist = { url = "https://files.pythonhosted.org/packages/95/03/1fd98d5841cd7964a27d729ccf2199602fe05eb7a405c1462eb7277945ed/pyee-13.0.0.tar.gz", hash = "sha256:b391e3c5a434d1f5118a25615001dbc8f669cf410ab67d04c4d4e07c55481c37", size = 31250, upload-time = "2025-03-17T18:53:15.955Z" }
wheels = [
    { url = "https://files.pythonhosted.org/packages/9b/4d/b9add7c84060d4c1906abe9a7e5359f2a60f7a9a4f67268b2766673427d8/pyee-13.0.0-py3-none-any.whl", hash = "sha256:48195a3cddb3b1515ce0695ed76036b5ccc2ef3a9f963ff9f77aec0139845498", size = 15730, upload-time = "2025-03-17T18:53:14.532Z" },
]

[[package]]
name = "typing-extensions"
version = "4.15.0"
source = { registry = "https://pypi.org/simple" }
sdist = { url = "https://files.pythonhosted.org/packages/72/94/1a15dd82efb362ac84269196e94cf00f187f7ed21c242792a923cdb1c61f/typing_extensions-4.15.0.tar.gz", hash = "sha256:0cea48d173cc12fa28ecabc3b837ea3cf6f38c6d1136f85cbaaf598984861466", size = 109391, upload-time = "2025-08-25T13:49:26.313Z" }
wheels = [
    { url = "https://files.pythonhosted.org/packages/18/67/36e9267722cc04a6b9f15c7f3441c2363321a3ea07da7ae0c0707beb2a9c/typing_extensions-4.15.0-py3-none-any.whl", hash = "sha256:f0fa19c6845758ab08074a0cfa8b7aecb71c999ca73d62883bc25cc018c4e548", size = 44614, upload-time = "2025-08-25T13:49:24.86Z" },
]
